Microsoft Visual Studio Solution File, Format Version 12.00
# Visual Studio Version 17
VisualStudioVersion = 17.8.0.0
MinimumVisualStudioVersion = 17.8.0.0
Project("{9A19103F-16F7-4668-BE54-9A1E7A4F7556}") = "BoardCutter.AppHost", "BoardCutter.AppHost\BoardCutter.AppHost.csproj", "{D2E2E29E-92A2-42C0-9995-34C03A06C10D}"
EndProject
Project("{9A19103F-16F7-4668-BE54-9A1E7A4F7556}") = "BoardCutter.ServiceDefaults", "BoardCutter.ServiceDefaults\BoardCutter.ServiceDefaults.csproj", "{B4B2FC83-A3CB-49E1-AAC3-C1A05EE5E86A}"
EndProject
Project("{9A19103F-16F7-4668-BE54-9A1E7A4F7556}") = "BoardCutter.Web", "BoardCutter.Web\BoardCutter.Web.csproj", "{32417795-885E-4EE0-9FCE-01B281EB3127}"
EndProject
Project("{FAE04EC0-301F-11D3-BF4B-00C04F79EFBC}") = "BoardCutter.Core", "BoardCutter.Core\BoardCutter.Core.csproj", "{FA992974-B99B-43FA-B29F-2C86AACE9867}"
EndProject
Project("{FAE04EC0-301F-11D3-BF4B-00C04F79EFBC}") = "BoardCutter.Core.Actors", "BoardCutter.Core.Actors\BoardCutter.Core.Actors.csproj", "{CBB4E103-B823-48FC-9547-FF4E9EFE13EA}"
EndProject
Project("{FAE04EC0-301F-11D3-BF4B-00C04F79EFBC}") = "BoardCutter.Games.Twenty48", "BoardCutter.Games.Twenty48\BoardCutter.Games.Twenty48.csproj", "{F81587B7-1854-4EAD-BEDD-B7187D20EC8C}"
EndProject
Project("{FAE04EC0-301F-11D3-BF4B-00C04F79EFBC}") = "BoardCutter.Games.Twenty48.Tests", "BoardCutter.Games.Twenty48.Tests\BoardCutter.Games.Twenty48.Tests.csproj", "{A510F347-1FC3-45C5-954C-6BF391046900}"
EndProject
Project("{FAE04EC0-301F-11D3-BF4B-00C04F79EFBC}") = "BoardCutter.Core.Tests", "BoardCutter.Core.Tests\BoardCutter.Core.Tests.csproj", "{16D5E389-15F5-4825-BDC7-BDD60C37B874}"
EndProject
Project("{2150E333-8FDC-42A3-9474-1A3956D46DE8}") = "Files", "Files", "{6A2E468A-027D-449A-8A04-609245B07286}"
	ProjectSection(SolutionItems) = preProject
		.editorconfig = .editorconfig
		.gitignore = .gitignore
		azure-pipelines-1.yml = azure-pipelines-1.yml
		readme.md = readme.md
	EndProjectSection
EndProject
Project("{2150E333-8FDC-42A3-9474-1A3956D46DE8}") = "Web", "Web", "{AEDD77F4-4A81-444C-96C5-13C3659AB18C}"
EndProject
Project("{2150E333-8FDC-42A3-9474-1A3956D46DE8}") = "Games", "Games", "{EEB13776-7BD2-4E54-857F-C9CC495E6D35}"
EndProject
Project("{2150E333-8FDC-42A3-9474-1A3956D46DE8}") = "Aspire", "Aspire", "{6263B3C9-D4FD-4364-9A93-187BF0502BF2}"
EndProject
Project("{2150E333-8FDC-42A3-9474-1A3956D46DE8}") = "Core", "Core", "{B3B94BC3-660B-4689-9E02-86D3A2213DB1}"
EndProject
Global
	GlobalSection(SolutionConfigurationPlatforms) = preSolution
		Debug|Any CPU = Debug|Any CPU
		Release|Any CPU = Release|Any CPU
	EndGlobalSection
	GlobalSection(ProjectConfigurationPlatforms) = postSolution
		{D2E2E29E-92A2-42C0-9995-34C03A06C10D}.Debug|Any CPU.ActiveCfg = Debug|Any CPU
		{D2E2E29E-92A2-42C0-9995-34C03A06C10D}.Debug|Any CPU.Build.0 = Debug|Any CPU
		{D2E2E29E-92A2-42C0-9995-34C03A06C10D}.Release|Any CPU.ActiveCfg = Release|Any CPU
		{D2E2E29E-92A2-42C0-9995-34C03A06C10D}.Release|Any CPU.Build.0 = Release|Any CPU
		{B4B2FC83-A3CB-49E1-AAC3-C1A05EE5E86A}.Debug|Any CPU.ActiveCfg = Debug|Any CPU
		{B4B2FC83-A3CB-49E1-AAC3-C1A05EE5E86A}.Debug|Any CPU.Build.0 = Debug|Any CPU
		{B4B2FC83-A3CB-49E1-AAC3-C1A05EE5E86A}.Release|Any CPU.ActiveCfg = Release|Any CPU
		{B4B2FC83-A3CB-49E1-AAC3-C1A05EE5E86A}.Release|Any CPU.Build.0 = Release|Any CPU
		{32417795-885E-4EE0-9FCE-01B281EB3127}.Debug|Any CPU.ActiveCfg = Debug|Any CPU
		{32417795-885E-4EE0-9FCE-01B281EB3127}.Debug|Any CPU.Build.0 = Debug|Any CPU
		{32417795-885E-4EE0-9FCE-01B281EB3127}.Release|Any CPU.ActiveCfg = Release|Any CPU
		{32417795-885E-4EE0-9FCE-01B281EB3127}.Release|Any CPU.Build.0 = Release|Any CPU
		{FA992974-B99B-43FA-B29F-2C86AACE9867}.Debug|Any CPU.ActiveCfg = Debug|Any CPU
		{FA992974-B99B-43FA-B29F-2C86AACE9867}.Debug|Any CPU.Build.0 = Debug|Any CPU
		{FA992974-B99B-43FA-B29F-2C86AACE9867}.Release|Any CPU.ActiveCfg = Release|Any CPU
		{FA992974-B99B-43FA-B29F-2C86AACE9867}.Release|Any CPU.Build.0 = Release|Any CPU
		{CBB4E103-B823-48FC-9547-FF4E9EFE13EA}.Debug|Any CPU.ActiveCfg = Debug|Any CPU
		{CBB4E103-B823-48FC-9547-FF4E9EFE13EA}.Debug|Any CPU.Build.0 = Debug|Any CPU
		{CBB4E103-B823-48FC-9547-FF4E9EFE13EA}.Release|Any CPU.ActiveCfg = Release|Any CPU
		{CBB4E103-B823-48FC-9547-FF4E9EFE13EA}.Release|Any CPU.Build.0 = Release|Any CPU
		{F81587B7-1854-4EAD-BEDD-B7187D20EC8C}.Debug|Any CPU.ActiveCfg = Debug|Any CPU
		{F81587B7-1854-4EAD-BEDD-B7187D20EC8C}.Debug|Any CPU.Build.0 = Debug|Any CPU
		{F81587B7-1854-4EAD-BEDD-B7187D20EC8C}.Release|Any CPU.ActiveCfg = Release|Any CPU
		{F81587B7-1854-4EAD-BEDD-B7187D20EC8C}.Release|Any CPU.Build.0 = Release|Any CPU
		{A510F347-1FC3-45C5-954C-6BF391046900}.Debug|Any CPU.ActiveCfg = Debug|Any CPU
		{A510F347-1FC3-45C5-954C-6BF391046900}.Debug|Any CPU.Build.0 = Debug|Any CPU
		{A510F347-1FC3-45C5-954C-6BF391046900}.Release|Any CPU.ActiveCfg = Release|Any CPU
		{A510F347-1FC3-45C5-954C-6BF391046900}.Release|Any CPU.Build.0 = Release|Any CPU
		{16D5E389-15F5-4825-BDC7-BDD60C37B874}.Debug|Any CPU.ActiveCfg = Debug|Any CPU
		{16D5E389-15F5-4825-BDC7-BDD60C37B874}.Debug|Any CPU.Build.0 = Debug|Any CPU
		{16D5E389-15F5-4825-BDC7-BDD60C37B874}.Release|Any CPU.ActiveCfg = Release|Any CPU
		{16D5E389-15F5-4825-BDC7-BDD60C37B874}.Release|Any CPU.Build.0 = Release|Any CPU
	EndGlobalSection
	GlobalSection(SolutionProperties) = preSolution
		HideSolutionNode = FALSE
	EndGlobalSection
	GlobalSection(ExtensibilityGlobals) = postSolution
		SolutionGuid = {16E247DB-0CF3-4CD0-ACC4-31092753D274}
	EndGlobalSection
	GlobalSection(NestedProjects) = preSolution
		{32417795-885E-4EE0-9FCE-01B281EB3127} = {AEDD77F4-4A81-444C-96C5-13C3659AB18C}
		{F81587B7-1854-4EAD-BEDD-B7187D20EC8C} = {EEB13776-7BD2-4E54-857F-C9CC495E6D35}
		{A510F347-1FC3-45C5-954C-6BF391046900} = {EEB13776-7BD2-4E54-857F-C9CC495E6D35}
		{D2E2E29E-92A2-42C0-9995-34C03A06C10D} = {6263B3C9-D4FD-4364-9A93-187BF0502BF2}
		{B4B2FC83-A3CB-49E1-AAC3-C1A05EE5E86A} = {6263B3C9-D4FD-4364-9A93-187BF0502BF2}
		{FA992974-B99B-43FA-B29F-2C86AACE9867} = {B3B94BC3-660B-4689-9E02-86D3A2213DB1}
		{CBB4E103-B823-48FC-9547-FF4E9EFE13EA} = {B3B94BC3-660B-4689-9E02-86D3A2213DB1}
		{16D5E389-15F5-4825-BDC7-BDD60C37B874} = {B3B94BC3-660B-4689-9E02-86D3A2213DB1}
	EndGlobalSection
EndGlobal
